
Microsoft Visual Studio Solution File, Format Version 12.00
# Visual Studio 15
VisualStudioVersion = 15.0.27004.2006
MinimumVisualStudioVersion = 10.0.40219.1
Project("{FAE04EC0-301F-11D3-BF4B-00C04F79EFBC}") = "VIScv3", "VIScv3\VIScv3.csproj", "{7A713CCB-5FA8-4E91-B20E-FE464D389008}"
EndProject
Project("{FAE04EC0-301F-11D3-BF4B-00C04F79EFBC}") = "ClassLibrary2", "ClassLibrary2\ClassLibrary2.csproj", "{C0C9D462-4FC1-4716-AF48-06117537E110}"
EndProject
Global
	GlobalSection(SolutionConfigurationPlatforms) = preSolution
		Debug|Any CPU = Debug|Any CPU
		Release|Any CPU = Release|Any CPU
	EndGlobalSection
	GlobalSection(ProjectConfigurationPlatforms) = postSolution
		{7A713CCB-5FA8-4E91-B20E-FE464D389008}.Debug|Any CPU.ActiveCfg = Debug|Any CPU
		{7A713CCB-5FA8-4E91-B20E-FE464D389008}.Debug|Any CPU.Build.0 = Debug|Any CPU
		{7A713CCB-5FA8-4E91-B20E-FE464D389008}.Release|Any CPU.ActiveCfg = Release|Any CPU
		{7A713CCB-5FA8-4E91-B20E-FE464D389008}.Release|Any CPU.Build.0 = Release|Any CPU
		{C0C9D462-4FC1-4716-AF48-06117537E110}.Debug|Any CPU.ActiveCfg = Debug|Any CPU
		{C0C9D462-4FC1-4716-AF48-06117537E110}.Debug|Any CPU.Build.0 = Debug|Any CPU
		{C0C9D462-4FC1-4716-AF48-06117537E110}.Release|Any CPU.ActiveCfg = Release|Any CPU
		{C0C9D462-4FC1-4716-AF48-06117537E110}.Release|Any CPU.Build.0 = Release|Any CPU
	EndGlobalSection
	GlobalSection(SolutionProperties) = preSolution
		HideSolutionNode = FALSE
	EndGlobalSection
	GlobalSection(ExtensibilityGlobals) = postSolution
		SolutionGuid = {F724C191-3C54-4EDC-B3F8-2BDB12813E61}
	EndGlobalSection
EndGlobal
